
Microsoft Visual Studio Solution File, Format Version 12.00
# Visual Studio Version 16
VisualStudioVersion = 16.0.32002.261
MinimumVisualStudioVersion = 10.0.40219.1
Project("{FAE04EC0-301F-11D3-BF4B-00C04F79EFBC}") = "json_to_listbox", "json_to_listbox\json_to_listbox.csproj", "{18D2A036-5CBA-4B2F-A244-D8820B1FB2F3}"
EndProject
Global
	GlobalSection(SolutionConfigurationPlatforms) = preSolution
		Debug|Any CPU = Debug|Any CPU
		Release|Any CPU = Release|Any CPU
	EndGlobalSection
	GlobalSection(ProjectConfigurationPlatforms) = postSolution
		{18D2A036-5CBA-4B2F-A244-D8820B1FB2F3}.Debug|Any CPU.ActiveCfg = Debug|Any CPU
		{18D2A036-5CBA-4B2F-A244-D8820B1FB2F3}.Debug|Any CPU.Build.0 = Debug|Any CPU
		{18D2A036-5CBA-4B2F-A244-D8820B1FB2F3}.Release|Any CPU.ActiveCfg = Release|Any CPU
		{18D2A036-5CBA-4B2F-A244-D8820B1FB2F3}.Release|Any CPU.Build.0 = Release|Any CPU
	EndGlobalSection
	GlobalSection(SolutionProperties) = preSolution
		HideSolutionNode = FALSE
	EndGlobalSection
	GlobalSection(ExtensibilityGlobals) = postSolution
		SolutionGuid = {83B9653A-8B3F-437B-8B0D-F88E380FCB58}
	EndGlobalSection
EndGlobal
